
Microsoft Visual Studio Solution File, Format Version 12.00
# Visual Studio Version 16
VisualStudioVersion = 16.0.30225.117
MinimumVisualStudioVersion = 10.0.40219.1
Project("{FAE04EC0-301F-11D3-BF4B-00C04F79EFBC}") = "LosowanieLotto", "LosowanieLotto\LosowanieLotto.csproj", "{8B65CD78-868D-462B-87BE-91D9C480859A}"
EndProject
Project("{FAE04EC0-301F-11D3-BF4B-00C04F79EFBC}") = "DrawLibrary", "DrawLibrary\DrawLibrary.csproj", "{7B00DEC6-2E88-4E95-B13D-B5D4B60A3144}"
EndProject
Global
	GlobalSection(SolutionConfigurationPlatforms) = preSolution
		Debug|Any CPU = Debug|Any CPU
		Release|Any CPU = Release|Any CPU
	EndGlobalSection
	GlobalSection(ProjectConfigurationPlatforms) = postSolution
		{8B65CD78-868D-462B-87BE-91D9C480859A}.Debug|Any CPU.ActiveCfg = Debug|Any CPU
		{8B65CD78-868D-462B-87BE-91D9C480859A}.Debug|Any CPU.Build.0 = Debug|Any CPU
		{8B65CD78-868D-462B-87BE-91D9C480859A}.Release|Any CPU.ActiveCfg = Release|Any CPU
		{8B65CD78-868D-462B-87BE-91D9C480859A}.Release|Any CPU.Build.0 = Release|Any CPU
		{7B00DEC6-2E88-4E95-B13D-B5D4B60A3144}.Debug|Any CPU.ActiveCfg = Debug|Any CPU
		{7B00DEC6-2E88-4E95-B13D-B5D4B60A3144}.Debug|Any CPU.Build.0 = Debug|Any CPU
		{7B00DEC6-2E88-4E95-B13D-B5D4B60A3144}.Release|Any CPU.ActiveCfg = Release|Any CPU
		{7B00DEC6-2E88-4E95-B13D-B5D4B60A3144}.Release|Any CPU.Build.0 = Release|Any CPU
	EndGlobalSection
	GlobalSection(SolutionProperties) = preSolution
		HideSolutionNode = FALSE
	EndGlobalSection
	GlobalSection(ExtensibilityGlobals) = postSolution
		SolutionGuid = {35E65B92-ABD7-435B-A664-8A2A95DD96D0}
	EndGlobalSection
EndGlobal
